<?xml version="1.0" encoding="utf-8"?>
<Project ToolsVersion="4.0" xmlns="http://schemas.microsoft.com/developer/msbuild/2003">
  <ItemGroup>
    <Filter Include="源文件">
      <UniqueIdentifier>{4FC737F1-C7A5-4376-A066-2A32D752A2FF}</UniqueIdentifier>
      <Extensions>cpp;c;cc;cxx;def;odl;idl;hpj;bat;asm;asmx</Extensions>
    </Filter>
    <Filter Include="头文件">
      <UniqueIdentifier>{93995380-89BD-4b04-88EB-625FBE52EBFB}</UniqueIdentifier>
      <Extensions>h;hh;hpp;hxx;hm;inl;inc;ipp;xsd</Extensions>
    </Filter>
    <Filter Include="shader">
      <UniqueIdentifier>{6f0c2412-48e7-44a7-9913-cc6091c24b80}</UniqueIdentifier>
    </Filter>
    <Filter Include="源文件\util">
      <UniqueIdentifier>{47afa037-f63f-427c-a8be-16ccbe884ae6}</UniqueIdentifier>
    </Filter>
    <Filter Include="源文件\engine">
      <UniqueIdentifier>{b67d854f-40f5-4447-af1a-a432abe1d51d}</UniqueIdentifier>
    </Filter>
    <Filter Include="头文件\util">
      <UniqueIdentifier>{86e53455-b651-4815-afbd-48a66192d7c1}</UniqueIdentifier>
    </Filter>
    <Filter Include="头文件\engine">
      <UniqueIdentifier>{a4619965-7c46-459d-91f2-d9cde59f9857}</UniqueIdentifier>
    </Filter>
  </ItemGroup>
  <ItemGroup>
    <None Include="src\shader\shader.f">
      <Filter>shader</Filter>
    </None>
    <None Include="src\shader\shader.v">
      <Filter>shader</Filter>
    </None>
  </ItemGroup>
  <ItemGroup>
    <ClCompile Include="src\main.cpp">
      <Filter>源文件</Filter>
    </ClCompile>
    <ClCompile Include="src\engine\body.cpp">
      <Filter>源文件\engine</Filter>
    </ClCompile>
    <ClCompile Include="src\engine\collision.cpp">
      <Filter>源文件\engine</Filter>
    </ClCompile>
    <ClCompile Include="src\engine\joint.cpp">
      <Filter>源文件\engine</Filter>
    </ClCompile>
    <ClCompile Include="src\engine\world.cpp">
      <Filter>源文件\engine</Filter>
    </ClCompile>
    <ClCompile Include="src\util\glad.c">
      <Filter>源文件\util</Filter>
    </ClCompile>
  </ItemGroup>
  <ItemGroup>
    <ClInclude Include="src\engine\body.h">
      <Filter>头文件\engine</Filter>
    </ClInclude>
    <ClInclude Include="src\engine\collision.h">
      <Filter>头文件\engine</Filter>
    </ClInclude>
    <ClInclude Include="src\engine\joint.h">
      <Filter>头文件\engine</Filter>
    </ClInclude>
    <ClInclude Include="src\engine\world.h">
      <Filter>头文件\engine</Filter>
    </ClInclude>
    <ClInclude Include="src\util\math.h">
      <Filter>头文件\util</Filter>
    </ClInclude>
    <ClInclude Include="src\util\shader.h">
      <Filter>头文件\util</Filter>
    </ClInclude>
  </ItemGroup>
</Project>